
Microsoft Visual Studio Solution File, Format Version 12.00
# Visual Studio 15
VisualStudioVersion = 15.0.27130.2020
MinimumVisualStudioVersion = 10.0.40219.1
Project("{FAE04EC0-301F-11D3-BF4B-00C04F79EFBC}") = "plaintext.ui", "plaintext\plaintext.ui.csproj", "{210A721D-D877-4F12-A971-BDE39DE3EC16}"
EndProject
Project("{FAE04EC0-301F-11D3-BF4B-00C04F79EFBC}") = "plaintext.tests", "plaintext.tests\plaintext.tests.csproj", "{8EDF4429-251A-416D-BB68-93F227191BCF}"
EndProject
Project("{FAE04EC0-301F-11D3-BF4B-00C04F79EFBC}") = "plaintext.core", "plaintext.core\plaintext.core.csproj", "{880CAE91-D33D-4645-87D0-E4B23E8AB7D3}"
EndProject
Project("{FAE04EC0-301F-11D3-BF4B-00C04F79EFBC}") = "plaintext.infrastructure", "plaintext.infrastructure\plaintext.infrastructure.csproj", "{ED28B9A0-B0AA-490D-80C6-0E5DAF916F70}"
EndProject
Global
	GlobalSection(SolutionConfigurationPlatforms) = preSolution
		Debug|Any CPU = Debug|Any CPU
		Release|Any CPU = Release|Any CPU
	EndGlobalSection
	GlobalSection(ProjectConfigurationPlatforms) = postSolution
		{210A721D-D877-4F12-A971-BDE39DE3EC16}.Debug|Any CPU.ActiveCfg = Debug|Any CPU
		{210A721D-D877-4F12-A971-BDE39DE3EC16}.Debug|Any CPU.Build.0 = Debug|Any CPU
		{210A721D-D877-4F12-A971-BDE39DE3EC16}.Release|Any CPU.ActiveCfg = Release|Any CPU
		{210A721D-D877-4F12-A971-BDE39DE3EC16}.Release|Any CPU.Build.0 = Release|Any CPU
		{8EDF4429-251A-416D-BB68-93F227191BCF}.Debug|Any CPU.ActiveCfg = Debug|Any CPU
		{8EDF4429-251A-416D-BB68-93F227191BCF}.Debug|Any CPU.Build.0 = Debug|Any CPU
		{8EDF4429-251A-416D-BB68-93F227191BCF}.Release|Any CPU.ActiveCfg = Release|Any CPU
		{8EDF4429-251A-416D-BB68-93F227191BCF}.Release|Any CPU.Build.0 = Release|Any CPU
		{880CAE91-D33D-4645-87D0-E4B23E8AB7D3}.Debug|Any CPU.ActiveCfg = Debug|Any CPU
		{880CAE91-D33D-4645-87D0-E4B23E8AB7D3}.Debug|Any CPU.Build.0 = Debug|Any CPU
		{880CAE91-D33D-4645-87D0-E4B23E8AB7D3}.Release|Any CPU.ActiveCfg = Release|Any CPU
		{880CAE91-D33D-4645-87D0-E4B23E8AB7D3}.Release|Any CPU.Build.0 = Release|Any CPU
		{ED28B9A0-B0AA-490D-80C6-0E5DAF916F70}.Debug|Any CPU.ActiveCfg = Debug|Any CPU
		{ED28B9A0-B0AA-490D-80C6-0E5DAF916F70}.Debug|Any CPU.Build.0 = Debug|Any CPU
		{ED28B9A0-B0AA-490D-80C6-0E5DAF916F70}.Release|Any CPU.ActiveCfg = Release|Any CPU
		{ED28B9A0-B0AA-490D-80C6-0E5DAF916F70}.Release|Any CPU.Build.0 = Release|Any CPU
	EndGlobalSection
	GlobalSection(SolutionProperties) = preSolution
		HideSolutionNode = FALSE
	EndGlobalSection
	GlobalSection(ExtensibilityGlobals) = postSolution
		SolutionGuid = {8501AD25-D3FB-45EB-9944-C4A4D66073D0}
	EndGlobalSection
EndGlobal
